github.com/google/uuid v1.6.0 h1:NIvaJDMOsjHA8n1jAhLSgzrAzy1Hgr+hNrb57e+94F0=
github.com/google/uuid v1.6.0/go.mod h1:TIyPZe4MgqvfeYDBFedMoGGpEw/LqOeaOT+nhxU+yHo=
github.com/juan-carlos-trimino/gplogger v1.0.7 h1:BQVilUhSzwd7Mpk7BEsGM91jXS4ZqGvsaQOuCBsspAo=
github.com/juan-carlos-trimino/gplogger v1.0.7/go.mod h1:wzt8B1+I/L3eFMyGnPn/RY1gIKJURDU4j+INH7WMcao=
github.com/juan-carlos-trimino/gposu v1.0.0 h1:qiqDja/1KhBHezlhp4SZGj6L+qmTIdaMRqmNnA/5miY=
github.com/juan-carlos-trimino/gposu v1.0.0/go.mod h1:FTY5/pejNnDP5AaQN2hv1X+08HV79TfGl+c7I3tpTJs=
github.com/juan-carlos-trimino/gposu v1.0.1 h1:yKz1dIerJei5kgrGvk/4lVcNZsP0wk1hsl9AIcOoL9Q=
github.com/juan-carlos-trimino/gposu v1.0.1/go.mod h1:D2VhX/0ct7eY1O5v2BBPLtcO7UBhpJwMgxgEiIW8Mas=
github.com/juan-carlos-trimino/gpsessions v1.0.0 h1:qU0IiyK11JpoIB4Oqflq/JkgE8/5jUzPKWxmctfxNbA=
github.com/juan-carlos-trimino/gpsessions v1.0.0/go.mod h1:6T2x3R1hEzzqa/aM1NghgYeyiEeZ5ej5YjEeONDSG8c=
github.com/juan-carlos-trimino/gpsessions v1.0.1 h1:fqvbfCGq7OaI4tbG2MK8NRXXu96Yv54zLfwjwI5SA9k=
github.com/juan-carlos-trimino/gpsessions v1.0.1/go.mod h1:ISBhblFGyQjvYQf3KvcWDkqvoowfdN80XadTMzVZ0Xo=
golang.org/x/crypto v0.23.0 h1:dIJU/v2J8Mdglj/8rJ6UUOM3Zc9zLZxVZwwxMooUSAI=
golang.org/x/crypto v0.23.0/go.mod h1:CKFgDieR+mRhux2Lsu27y0fO304Db0wZe70UKqHu0v8=
golang.org/x/crypto v0.38.0 h1:jt+WWG8IZlBnVbomuhg2Mdq0+BBQaHbtqHEFEigjUV8=
golang.org/x/crypto v0.38.0/go.mod h1:MvrbAqul58NNYPKnOra203SB9vpuZW0e+RRZV+Ggqjw=
