github.com/golang-jwt/jwt/v5 v5.3.1 h1:kYf81DTWFe7t+1VvL7eS+jKFVWaUnK9cB1qbwn63YCY=
github.com/golang-jwt/jwt/v5 v5.3.1/go.mod h1:fxCRLWMO43lRc8nhHWY6LGqRcf+1gQWArsqaEUEa5bE=
github.com/google/uuid v1.6.0 h1:NIvaJDMOsjHA8n1jAhLSgzrAzy1Hgr+hNrb57e+94F0=
github.com/google/uuid v1.6.0/go.mod h1:TIyPZe4MgqvfeYDBFedMoGGpEw/LqOeaOT+nhxU+yHo=
github.com/juan-carlos-trimino/go-sessions v1.0.3 h1:S1DvRF2n3TDJpQipWNx6Ilgfsfusux2TIPC2YWf+hFY=
github.com/juan-carlos-trimino/go-sessions v1.0.3/go.mod h1:9P4uVPYajg/Z7gHKAPupp5Hy8Qh4/dgpmeRcuAd8rJk=
github.com/juan-carlos-trimino/go-sessions v1.0.14 h1:8leNYLx1gbN3sbnWqvkx+4mIT0Dvvy917uLnmAHJ5Zs=
github.com/juan-carlos-trimino/go-sessions v1.0.14/go.mod h1:OiKSRDiwWM9J94Urm5kzmW2zTL0ACSDhEjEI0/4zdcs=
github.com/juan-carlos-trimino/go-sessions v1.0.15 h1:2RlFVDYk5mnD+4go8sxTL17vxRvlAGJjufYbyFOyUGY=
github.com/juan-carlos-trimino/go-sessions v1.0.15/go.mod h1:OiKSRDiwWM9J94Urm5kzmW2zTL0ACSDhEjEI0/4zdcs=
golang.org/x/crypto v0.57.0 h1:3ZVCjf8Ggz7zneR/EHRVx68Ctf+2pmIMP2UFhh9cC6M=
golang.org/x/crypto v0.57.0/go.mod h1:Fdz0i5U6CoizGwLda9DttjSk6qlZo25zYNtR+ycvuZA=
